
Microsoft Visual Studio Solution File, Format Version 12.00
# Visual Studio Version 16
VisualStudioVersion = 16.0.31729.503
MinimumVisualStudioVersion = 10.0.40219.1
Project("{FAE04EC0-301F-11D3-BF4B-00C04F79EFBC}") = "Cocome", "Cocome\Cocome.csproj", "{12CAC51D-604B-420A-9BA7-0B971C214FCB}"
EndProject
Global
	GlobalSection(SolutionConfigurationPlatforms) = preSolution
		Debug|Any CPU = Debug|Any CPU
		Release|Any CPU = Release|Any CPU
	EndGlobalSection
	GlobalSection(ProjectConfigurationPlatforms) = postSolution
		{12CAC51D-604B-420A-9BA7-0B971C214FCB}.Debug|Any CPU.ActiveCfg = Debug|Any CPU
		{12CAC51D-604B-420A-9BA7-0B971C214FCB}.Debug|Any CPU.Build.0 = Debug|Any CPU
		{12CAC51D-604B-420A-9BA7-0B971C214FCB}.Release|Any CPU.ActiveCfg = Release|Any CPU
		{12CAC51D-604B-420A-9BA7-0B971C214FCB}.Release|Any CPU.Build.0 = Release|Any CPU
	EndGlobalSection
	GlobalSection(SolutionProperties) = preSolution
		HideSolutionNode = FALSE
	EndGlobalSection
	GlobalSection(ExtensibilityGlobals) = postSolution
		SolutionGuid = {C8113206-AF71-4C70-9A29-4C6B34CA22B0}
	EndGlobalSection
EndGlobal
